
Microsoft Visual Studio Solution File, Format Version 12.00
# Visual Studio Version 17
VisualStudioVersion = 17.0.31903.59
MinimumVisualStudioVersion = 10.0.40219.1
Project("{FAE04EC0-301F-11D3-BF4B-00C04F79EFBC}") = "ArgoLabs.net", "ArgoLabs.net\ArgoLabs.net.csproj", "{B01AEED6-997F-4D12-B6A0-C9130FD67EB2}"
EndProject
Project("{FAE04EC0-301F-11D3-BF4B-00C04F79EFBC}") = "ArgoLabs.net.Test", "ArgoLabs.net.Test\ArgoLabs.net.Test.csproj", "{9A29AB15-92D0-474D-AD4B-6E8C074E3D36}"
EndProject
Global
	GlobalSection(SolutionConfigurationPlatforms) = preSolution
		Debug|Any CPU = Debug|Any CPU
		Release|Any CPU = Release|Any CPU
	EndGlobalSection
	GlobalSection(SolutionProperties) = preSolution
		HideSolutionNode = FALSE
	EndGlobalSection
	GlobalSection(ProjectConfigurationPlatforms) = postSolution
		{B01AEED6-997F-4D12-B6A0-C9130FD67EB2}.Debug|Any CPU.ActiveCfg = Debug|Any CPU
		{B01AEED6-997F-4D12-B6A0-C9130FD67EB2}.Debug|Any CPU.Build.0 = Debug|Any CPU
		{B01AEED6-997F-4D12-B6A0-C9130FD67EB2}.Release|Any CPU.ActiveCfg = Release|Any CPU
		{B01AEED6-997F-4D12-B6A0-C9130FD67EB2}.Release|Any CPU.Build.0 = Release|Any CPU
		{9A29AB15-92D0-474D-AD4B-6E8C074E3D36}.Debug|Any CPU.ActiveCfg = Debug|Any CPU
		{9A29AB15-92D0-474D-AD4B-6E8C074E3D36}.Debug|Any CPU.Build.0 = Debug|Any CPU
		{9A29AB15-92D0-474D-AD4B-6E8C074E3D36}.Release|Any CPU.ActiveCfg = Release|Any CPU
		{9A29AB15-92D0-474D-AD4B-6E8C074E3D36}.Release|Any CPU.Build.0 = Release|Any CPU
	EndGlobalSection
EndGlobal
