
Microsoft Visual Studio Solution File, Format Version 12.00
# Visual Studio Version 17
VisualStudioVersion = 17.0.31903.59
MinimumVisualStudioVersion = 10.0.40219.1
Project("{FAE04EC0-301F-11D3-BF4B-00C04F79EFBC}") = "ArgoLabs.net", "ArgoLabs.net\ArgoLabs.net.csproj", "{15781914-507C-41E6-84DF-F6B41DB3BE94}"
EndProject
Project("{FAE04EC0-301F-11D3-BF4B-00C04F79EFBC}") = "ArgoLabs.net.Test", "ArgoLabs.net.Test\ArgoLabs.net.Test.csproj", "{46D3E990-0456-4D23-9357-C8795C838630}"
EndProject
Global
	GlobalSection(SolutionConfigurationPlatforms) = preSolution
		Debug|Any CPU = Debug|Any CPU
		Release|Any CPU = Release|Any CPU
	EndGlobalSection
	GlobalSection(SolutionProperties) = preSolution
		HideSolutionNode = FALSE
	EndGlobalSection
	GlobalSection(ProjectConfigurationPlatforms) = postSolution
		{15781914-507C-41E6-84DF-F6B41DB3BE94}.Debug|Any CPU.ActiveCfg = Debug|Any CPU
		{15781914-507C-41E6-84DF-F6B41DB3BE94}.Debug|Any CPU.Build.0 = Debug|Any CPU
		{15781914-507C-41E6-84DF-F6B41DB3BE94}.Release|Any CPU.ActiveCfg = Release|Any CPU
		{15781914-507C-41E6-84DF-F6B41DB3BE94}.Release|Any CPU.Build.0 = Release|Any CPU
		{46D3E990-0456-4D23-9357-C8795C838630}.Debug|Any CPU.ActiveCfg = Debug|Any CPU
		{46D3E990-0456-4D23-9357-C8795C838630}.Debug|Any CPU.Build.0 = Debug|Any CPU
		{46D3E990-0456-4D23-9357-C8795C838630}.Release|Any CPU.ActiveCfg = Release|Any CPU
		{46D3E990-0456-4D23-9357-C8795C838630}.Release|Any CPU.Build.0 = Release|Any CPU
	EndGlobalSection
EndGlobal
